{
  "version": "5",
  "specifiers": {
    "npm:leaflet@^1.9.4": "1.9.4"
  },
  "npm": {
    "leaflet@1.9.4": {
      "integrity": "sha512-nxS1ynzJOmOlHp+iL3FyWqK89GtNL8U8rvlMOsQdTTssxZwCXh8N2NB3GDQOL+YR3XnWyZAxwQixURb+FA74PA=="
    }
  },
  "workspace": {
    "packageJson": {
      "dependencies": [
        "npm:@sveltejs/adapter-auto@3",
        "npm:@sveltejs/kit@2",
        "npm:@sveltejs/vite-plugin-svelte@4",
        "npm:leaflet@^1.9.4",
        "npm:svelte@5",
        "npm:vite@^5.0.3"
      ]
    }
  }
}
